# THIS IS AN AUTOGENERATED FILE. DO NOT EDIT THIS FILE DIRECTLY.
# yarn lockfile v1


"@primeuix/styled@^0.6.1":
  version "0.6.3"
  resolved "https://registry.yarnpkg.com/@primeuix/styled/-/styled-0.6.3.tgz#00bc6e208fddec0454fa4fd962e7a52b9213c266"
  integrity sha512-cW8XbJ1wWN9kC7lDhGpgTZI3FnUm68tw34BRm8C+z6T3X/Ayw+kfxlApxNEafipjWYiwNM9L+TUOHumbsESjqw==
  dependencies:
    "@primeuix/utils" "^0.5.3"

"@primeuix/styles@^1.1.1":
  version "1.1.1"
  resolved "https://registry.yarnpkg.com/@primeuix/styles/-/styles-1.1.1.tgz#67689a84e3bc64d2433e1a445fdf0be5448019ab"
  integrity sha512-oguFY2Rs4ZqdcFqEKxBt2d8trTkAjJ5BGTaDV0zbwdqRCRcZp9+di3K3Wv57CW/+tFDA0z1Dg7Dpm7wmkOII9Q==
  dependencies:
    "@primeuix/styled" "^0.6.1"

"@primeuix/themes@^1.1.1":
  version "1.1.1"
  resolved "https://registry.yarnpkg.com/@primeuix/themes/-/themes-1.1.1.tgz#3d04b6d06738252f3133776b411bfa527cd97c29"
  integrity sha512-fcHPLfw73cOApPovtA+D9wf3N7FBruU/6oTRt+AcTK754mHhnTza9kC2jiFQfq5HnWF0u0J/5Pb943fNsnxVVA==
  dependencies:
    "@primeuix/styled" "^0.6.1"

"@primeuix/utils@^0.5.3":
  version "0.5.3"
  resolved "https://registry.yarnpkg.com/@primeuix/utils/-/utils-0.5.3.tgz#3a6f597f88e6e9ff8993e81a25c2dfcdd787fd71"
  integrity sha512-7SGh7734wcF1/uK6RzO6Z6CBjGQ97GDHfpyl2F1G/c7R0z9hkT/V72ypDo82AWcCS7Ta07oIjDpOCTkSVZuEGQ==

"@primevue/core@4.3.4":
  version "4.3.4"
  resolved "https://registry.yarnpkg.com/@primevue/core/-/core-4.3.4.tgz#5dcfa16c567f69a1f61792f26c5b35fb7a7d8b3e"
  integrity sha512-SIwQ8CqL/tiDYRW2ShiwO3LeFV5gWfymwzwbI7kn2p8BFPCklqGbJfIqSdvAQgUTFR2fEsI7EKtPBksTX8MlEg==
  dependencies:
    "@primeuix/styled" "^0.6.1"
    "@primeuix/utils" "^0.5.3"

"@primevue/icons@4.3.4":
  version "4.3.4"
  resolved "https://registry.yarnpkg.com/@primevue/icons/-/icons-4.3.4.tgz#fc74cc72dbfdfe4e80bb6f0e45cadf9dd8c04487"
  integrity sha512-pCDOBl9LrGdEKsfCOzqzTDimSHa0ijn3p4QTeGCqKEoN0DjtxwsfejTFisiEkVQq6es3EA2oatAFT4gD2CJZDQ==
  dependencies:
    "@primeuix/utils" "^0.5.3"
    "@primevue/core" "4.3.4"

primeicons@^7.0.0:
  version "7.0.0"
  resolved "https://registry.yarnpkg.com/primeicons/-/primeicons-7.0.0.tgz#6b25c3fdcb29bb745a3035bdc1ed5902f4a419cf"
  integrity sha512-jK3Et9UzwzTsd6tzl2RmwrVY/b8raJ3QZLzoDACj+oTJ0oX7L9Hy+XnVwgo4QVKlKpnP/Ur13SXV/pVh4LzaDw==

primevue@^4.3.4:
  version "4.3.4"
  resolved "https://registry.yarnpkg.com/primevue/-/primevue-4.3.4.tgz#481f8e1e5062d58f4ef32c8fa52c24be9bc0152e"
  integrity sha512-zYQFBXI7BIEglc99MzNmQ/huZnzUYzF2JXQT3OFFUIUfz6aHW5hCdjyYPoThDICjKYAladqvvLkW7XQT+Kf08Q==
  dependencies:
    "@primeuix/styled" "^0.6.1"
    "@primeuix/styles" "^1.1.1"
    "@primeuix/utils" "^0.5.3"
    "@primevue/core" "4.3.4"
    "@primevue/icons" "4.3.4"
